{
  "name": "masm-compiler",
  "version": "1.0.0",
  "lockfileVersion": 3,
  "requires": true,
  "packages": {
    "": {
      "name": "masm-compiler",
      "version": "1.0.0",
      "license": "ISC",
      "dependencies": {
        "@metalang/core": "file:../core"
      }
    },
    "../core": {
      "version": "0.0.1",
      "license": "ISC",
      "dependencies": {
        "boxen": "^7.0.1",
        "chalk": "^5.2.0"
      },
      "bin": {
        "meta": "compile-single.js"
      }
    },
    "node_modules/@metalang/core": {
      "resolved": "../core",
      "link": true
    }
  }
}
